<?xml version="1.0" encoding="utf-8"?>
<Project ToolsVersion="4.0" xmlns="http://schemas.microsoft.com/developer/msbuild/2003">
  <ItemGroup>
    <ClInclude Include="..\Source\Core\Main.h" />
    <ClInclude Include="..\Source\Core\Utils.h" />
    <ClInclude Include="..\Source\Core\Logging\Context.h">
      <Filter>Logging</Filter>
    </ClInclude>
    <ClInclude Include="..\Source\Core\Logging\Levels.h">
      <Filter>Logging</Filter>
    </ClInclude>
    <ClInclude Include="..\Source\Core\Logging\Sink.h">
      <Filter>Logging</Filter>
    </ClInclude>
    <ClInclude Include="..\Source\Core\Logging\SinkFile.h">
      <Filter>Logging</Filter>
    </ClInclude>
    <ClInclude Include="..\Source\Core\Serialization\ISerializable.h">
      <Filter>Serialization</Filter>
    </ClInclude>
  </ItemGroup>
  <ItemGroup>
    <ClCompile Include="..\Source\Core\Utils.cpp" />
    <ClCompile Include="..\Source\Core\Logging\Context.cpp">
      <Filter>Logging</Filter>
    </ClCompile>
    <ClCompile Include="..\Source\Core\Logging\Logger.cpp">
      <Filter>Logging</Filter>
    </ClCompile>
    <ClCompile Include="..\Source\Core\Logging\SinkFile.cpp">
      <Filter>Logging</Filter>
    </ClCompile>
    <ClCompile Include="..\Source\Core\Serialization\ConfigurationBase.cpp">
      <Filter>Serialization</Filter>
    </ClCompile>
    <ClCompile Include="..\Source\Core\Serialization\ConfigurationEventDispatcher.cpp">
      <Filter>Serialization</Filter>
    </ClCompile>
    <ClCompile Include="..\Source\Core\Serialization\ConfigurationManager.cpp">
      <Filter>Serialization</Filter>
    </ClCompile>
    <ClCompile Include="$(SolutionDir)GeneratedFiles\Release\moc_ConfigurationBase.cpp">
      <Filter>GeneratedFiles\Release</Filter>
    </ClCompile>
    <ClCompile Include="$(SolutionDir)GeneratedFiles\Debug\moc_ConfigurationBase.cpp">
      <Filter>GeneratedFiles\Debug</Filter>
    </ClCompile>
    <ClCompile Include="$(SolutionDir)GeneratedFiles\Release\moc_ConfigurationEventDispatcher.cpp">
      <Filter>GeneratedFiles\Release</Filter>
    </ClCompile>
    <ClCompile Include="$(SolutionDir)GeneratedFiles\Release\moc_ConfigurationManager.cpp">
      <Filter>GeneratedFiles\Release</Filter>
    </ClCompile>
    <ClCompile Include="$(SolutionDir)GeneratedFiles\Release\moc_Logger.cpp">
      <Filter>GeneratedFiles\Release</Filter>
    </ClCompile>
    <ClCompile Include="$(SolutionDir)GeneratedFiles\Debug\moc_ConfigurationEventDispatcher.cpp">
      <Filter>GeneratedFiles\Debug</Filter>
    </ClCompile>
    <ClCompile Include="$(SolutionDir)GeneratedFiles\Debug\moc_ConfigurationManager.cpp">
      <Filter>GeneratedFiles\Debug</Filter>
    </ClCompile>
    <ClCompile Include="$(SolutionDir)GeneratedFiles\Debug\moc_Logger.cpp">
      <Filter>GeneratedFiles\Debug</Filter>
    </ClCompile>
  </ItemGroup>
  <ItemGroup>
    <Filter Include="Logging">
      <UniqueIdentifier>{5f0aa272-d91e-4fb9-a1df-98549be3bfaa}</UniqueIdentifier>
    </Filter>
    <Filter Include="Serialization">
      <UniqueIdentifier>{8cdedd79-a7e5-4073-9e63-e132337ea9aa}</UniqueIdentifier>
    </Filter>
    <Filter Include="GeneratedFiles">
      <UniqueIdentifier>{ef67e69b-cb09-49dc-95df-225880c50089}</UniqueIdentifier>
    </Filter>
    <Filter Include="GeneratedFiles\Debug">
      <UniqueIdentifier>{bb1a98a7-41f2-4979-83a1-c4d7ce02c69d}</UniqueIdentifier>
    </Filter>
    <Filter Include="GeneratedFiles\Release">
      <UniqueIdentifier>{0c0ed982-63ed-47b1-bc52-b48926cb254c}</UniqueIdentifier>
    </Filter>
  </ItemGroup>
  <ItemGroup>
    <CustomBuild Include="..\Source\Core\Logging\Logger.h" />
    <CustomBuild Include="..\Source\Core\Serialization\ConfigurationBase.h" />
    <CustomBuild Include="..\Source\Core\Serialization\ConfigurationEventDispatcher.h" />
    <CustomBuild Include="..\Source\Core\Serialization\ConfigurationManager.h" />
  </ItemGroup>
</Project>