<?xml version="1.0" encoding="utf-8"?>
<Project ToolsVersion="4.0" xmlns="http://schemas.microsoft.com/developer/msbuild/2003">
  <ItemGroup>
    <ClCompile Include="..\Source\Driver\DriverBase.cpp" />
    <ClCompile Include="..\Source\Driver\DriverMain.cpp" />
    <ClCompile Include="..\Source\Driver\DriverInfo.h" />
  </ItemGroup>
  <ItemGroup>
    <ClInclude Include="..\Source\Driver\DriverBase.h" />
  </ItemGroup>
</Project>