<?xml version="1.0" encoding="utf-8"?>
<Project ToolsVersion="4.0" xmlns="http://schemas.microsoft.com/developer/msbuild/2003">
  <ItemGroup>
    <Filter Include="Container">
      <UniqueIdentifier>{daededbf-5b30-442b-8eb3-7103bfa9309c}</UniqueIdentifier>
    </Filter>
    <Filter Include="Process">
      <UniqueIdentifier>{02d34c57-7e2a-4a0c-9562-0004a7c06481}</UniqueIdentifier>
    </Filter>
    <Filter Include="RawInput">
      <UniqueIdentifier>{005c4431-43ae-4d89-bf50-5843edb23173}</UniqueIdentifier>
    </Filter>
    <Filter Include="Usb">
      <UniqueIdentifier>{7f38e2c1-a9a2-403f-bd3e-2e2e580a10ac}</UniqueIdentifier>
    </Filter>
    <Filter Include="Virtual">
      <UniqueIdentifier>{10cf0101-1972-4eb0-87af-9d02acd8403e}</UniqueIdentifier>
    </Filter>
    <Filter Include="XInput">
      <UniqueIdentifier>{40177b45-02c8-490d-92d3-b788d28f8c2e}</UniqueIdentifier>
    </Filter>
    <Filter Include="GeneratedFiles">
      <UniqueIdentifier>{7f92622d-1516-4b55-be93-ea344e14a510}</UniqueIdentifier>
    </Filter>
    <Filter Include="GeneratedFiles\Debug">
      <UniqueIdentifier>{d08dbee0-d9b9-412f-bde2-6a7354d8536f}</UniqueIdentifier>
    </Filter>
    <Filter Include="GeneratedFiles\Release">
      <UniqueIdentifier>{1e0bab48-a4d0-48c0-95e3-ccb51edb9b42}</UniqueIdentifier>
    </Filter>
  </ItemGroup>
  <ItemGroup>
    <ClCompile Include="..\Source\Input\Container\ContainerDevice.cpp">
      <Filter>Container</Filter>
    </ClCompile>
    <ClCompile Include="..\Source\Input\Container\ContainerManager.cpp">
      <Filter>Container</Filter>
    </ClCompile>
    <ClCompile Include="..\Source\Input\XInput\XInputDevice.cpp">
      <Filter>XInput</Filter>
    </ClCompile>
    <ClCompile Include="..\Source\Input\XInput\XInputManager.cpp">
      <Filter>XInput</Filter>
    </ClCompile>
    <ClCompile Include="..\Source\Input\Virtual\VirtualInputDevice.cpp">
      <Filter>Virtual</Filter>
    </ClCompile>
    <ClCompile Include="..\Source\Input\Virtual\VirtualInputManager.cpp">
      <Filter>Virtual</Filter>
    </ClCompile>
    <ClCompile Include="..\Source\Input\Usb\UsbController.cpp">
      <Filter>Usb</Filter>
    </ClCompile>
    <ClCompile Include="..\Source\Input\Usb\UsbDevice.cpp">
      <Filter>Usb</Filter>
    </ClCompile>
    <ClCompile Include="..\Source\Input\RawInput\RawInputJoystick.cpp">
      <Filter>RawInput</Filter>
    </ClCompile>
    <ClCompile Include="..\Source\Input\RawInput\RawInputManager.cpp">
      <Filter>RawInput</Filter>
    </ClCompile>
    <ClCompile Include="..\Source\Input\Process\InputProcessorBase.cpp">
      <Filter>Process</Filter>
    </ClCompile>
    <ClCompile Include="..\Source\Input\Process\InputProcessorDarkTornado.cpp">
      <Filter>Process</Filter>
    </ClCompile>
    <ClCompile Include="..\Source\Input\Process\InputProcessorDualShock4.cpp">
      <Filter>Process</Filter>
    </ClCompile>
    <ClCompile Include="..\Source\Input\Process\InputProcessorFFBWheel.cpp">
      <Filter>Process</Filter>
    </ClCompile>
    <ClCompile Include="$(SolutionDir)GeneratedFiles\Debug\moc_XInputManager.cpp">
      <Filter>GeneratedFiles\Debug</Filter>
    </ClCompile>
    <ClCompile Include="$(SolutionDir)GeneratedFiles\Debug\moc_XInputDevice.cpp">
      <Filter>GeneratedFiles\Debug</Filter>
    </ClCompile>
    <ClCompile Include="$(SolutionDir)GeneratedFiles\Debug\moc_VirtualInputManager.cpp">
      <Filter>GeneratedFiles\Debug</Filter>
    </ClCompile>
    <ClCompile Include="$(SolutionDir)GeneratedFiles\Debug\moc_VirtualInputDevice.cpp">
      <Filter>GeneratedFiles\Debug</Filter>
    </ClCompile>
    <ClCompile Include="$(SolutionDir)GeneratedFiles\Debug\moc_UsbDevice.cpp">
      <Filter>GeneratedFiles\Debug</Filter>
    </ClCompile>
    <ClCompile Include="$(SolutionDir)GeneratedFiles\Debug\moc_UsbController.cpp">
      <Filter>GeneratedFiles\Debug</Filter>
    </ClCompile>
    <ClCompile Include="$(SolutionDir)GeneratedFiles\Debug\moc_RawInputManager.cpp">
      <Filter>GeneratedFiles\Debug</Filter>
    </ClCompile>
    <ClCompile Include="$(SolutionDir)GeneratedFiles\Debug\moc_RawInputJoystick.cpp">
      <Filter>GeneratedFiles\Debug</Filter>
    </ClCompile>
    <ClCompile Include="$(SolutionDir)GeneratedFiles\Debug\moc_ContainerManager.cpp">
      <Filter>GeneratedFiles\Debug</Filter>
    </ClCompile>
    <ClCompile Include="$(SolutionDir)GeneratedFiles\Debug\moc_ContainerDevice.cpp">
      <Filter>GeneratedFiles\Debug</Filter>
    </ClCompile>
    <ClCompile Include="$(SolutionDir)GeneratedFiles\Release\moc_ContainerDevice.cpp">
      <Filter>GeneratedFiles\Release</Filter>
    </ClCompile>
    <ClCompile Include="$(SolutionDir)GeneratedFiles\Release\moc_ContainerManager.cpp">
      <Filter>GeneratedFiles\Release</Filter>
    </ClCompile>
    <ClCompile Include="$(SolutionDir)GeneratedFiles\Release\moc_RawInputJoystick.cpp">
      <Filter>GeneratedFiles\Release</Filter>
    </ClCompile>
    <ClCompile Include="$(SolutionDir)GeneratedFiles\Release\moc_RawInputManager.cpp">
      <Filter>GeneratedFiles\Release</Filter>
    </ClCompile>
    <ClCompile Include="$(SolutionDir)GeneratedFiles\Release\moc_UsbController.cpp">
      <Filter>GeneratedFiles\Release</Filter>
    </ClCompile>
    <ClCompile Include="$(SolutionDir)GeneratedFiles\Release\moc_UsbDevice.cpp">
      <Filter>GeneratedFiles\Release</Filter>
    </ClCompile>
    <ClCompile Include="$(SolutionDir)GeneratedFiles\Release\moc_VirtualInputDevice.cpp">
      <Filter>GeneratedFiles\Release</Filter>
    </ClCompile>
    <ClCompile Include="$(SolutionDir)GeneratedFiles\Release\moc_VirtualInputManager.cpp">
      <Filter>GeneratedFiles\Release</Filter>
    </ClCompile>
    <ClCompile Include="$(SolutionDir)GeneratedFiles\Release\moc_XInputDevice.cpp">
      <Filter>GeneratedFiles\Release</Filter>
    </ClCompile>
    <ClCompile Include="$(SolutionDir)GeneratedFiles\Release\moc_XInputManager.cpp">
      <Filter>GeneratedFiles\Release</Filter>
    </ClCompile>
  </ItemGroup>
  <ItemGroup>
    <ClInclude Include="..\Source\Input\XInput\XInputState.h">
      <Filter>XInput</Filter>
    </ClInclude>
    <ClInclude Include="..\Source\Input\Process\InputProcessorBase.h">
      <Filter>Process</Filter>
    </ClInclude>
    <ClInclude Include="..\Source\Input\Process\InputProcessorDarkTornado.h">
      <Filter>Process</Filter>
    </ClInclude>
    <ClInclude Include="..\Source\Input\Process\InputProcessorDualShock4.h">
      <Filter>Process</Filter>
    </ClInclude>
    <ClInclude Include="..\Source\Input\Process\InputProcessorFFBWheel.h">
      <Filter>Process</Filter>
    </ClInclude>
    <ClInclude Include="..\Source\Input\Types.h" />
  </ItemGroup>
  <ItemGroup>
    <CustomBuild Include="..\Source\Input\Virtual\VirtualInputDevice.h" />
    <CustomBuild Include="..\Source\Input\Virtual\VirtualInputManager.h" />
    <CustomBuild Include="..\Source\Input\XInput\XInputDevice.h" />
    <CustomBuild Include="..\Source\Input\XInput\XInputManager.h" />
    <CustomBuild Include="..\Source\Input\Container\ContainerDevice.h" />
    <CustomBuild Include="..\Source\Input\Container\ContainerManager.h" />
    <CustomBuild Include="..\Source\Input\Usb\UsbDevice.h">
      <Filter>Usb</Filter>
    </CustomBuild>
    <CustomBuild Include="..\Source\Input\Usb\UsbController.h">
      <Filter>Usb</Filter>
    </CustomBuild>
    <CustomBuild Include="..\Source\Input\RawInput\RawInputManager.h">
      <Filter>RawInput</Filter>
    </CustomBuild>
    <CustomBuild Include="..\Source\Input\RawInput\RawInputJoystick.h">
      <Filter>RawInput</Filter>
    </CustomBuild>
  </ItemGroup>
</Project>