
Microsoft Visual Studio Solution File, Format Version 12.00
# Visual Studio 2012
Project("{8BC9CEB8-8B4A-11D0-8D11-00A0C91BC942}") = "Pitstop", "Pitstop.vcxproj", "{4EA7108F-F9B5-4360-85F0-D293DD063E4D}"
	ProjectSection(ProjectDependencies) = postProject
		{36FAA406-77B4-4861-814E-9A055023DD41} = {36FAA406-77B4-4861-814E-9A055023DD41}
		{46AEE07D-20D0-4DF4-A016-2D8160B1F0B4} = {46AEE07D-20D0-4DF4-A016-2D8160B1F0B4}
	EndProjectSection
EndProject
Project("{8BC9CEB8-8B4A-11D0-8D11-00A0C91BC942}") = "Core", "Projects\Core.vcxproj", "{46AEE07D-20D0-4DF4-A016-2D8160B1F0B4}"
EndProject
Project("{8BC9CEB8-8B4A-11D0-8D11-00A0C91BC942}") = "Input", "Projects\Input.vcxproj", "{36FAA406-77B4-4861-814E-9A055023DD41}"
EndProject
Project("{2150E333-8FDC-42A3-9474-1A3956D46DE8}") = "Framework", "Framework", "{2B5BF9F6-ED4A-47DE-BA2A-5B491C0B19FC}"
EndProject
Project("{8BC9CEB8-8B4A-11D0-8D11-00A0C91BC942}") = "Inspector", "Projects\Inspector.vcxproj", "{4C1129AC-7698-4D08-A8DF-3A8121F0088D}"
	ProjectSection(ProjectDependencies) = postProject
		{36FAA406-77B4-4861-814E-9A055023DD41} = {36FAA406-77B4-4861-814E-9A055023DD41}
		{46AEE07D-20D0-4DF4-A016-2D8160B1F0B4} = {46AEE07D-20D0-4DF4-A016-2D8160B1F0B4}
	EndProjectSection
EndProject
Global
	GlobalSection(SolutionConfigurationPlatforms) = preSolution
		Debug|Win32 = Debug|Win32
		Release|Win32 = Release|Win32
	EndGlobalSection
	GlobalSection(ProjectConfigurationPlatforms) = postSolution
		{4EA7108F-F9B5-4360-85F0-D293DD063E4D}.Debug|Win32.ActiveCfg = Debug|Win32
		{4EA7108F-F9B5-4360-85F0-D293DD063E4D}.Debug|Win32.Build.0 = Debug|Win32
		{4EA7108F-F9B5-4360-85F0-D293DD063E4D}.Release|Win32.ActiveCfg = Release|Win32
		{4EA7108F-F9B5-4360-85F0-D293DD063E4D}.Release|Win32.Build.0 = Release|Win32
		{46AEE07D-20D0-4DF4-A016-2D8160B1F0B4}.Debug|Win32.ActiveCfg = Debug|Win32
		{46AEE07D-20D0-4DF4-A016-2D8160B1F0B4}.Debug|Win32.Build.0 = Debug|Win32
		{46AEE07D-20D0-4DF4-A016-2D8160B1F0B4}.Release|Win32.ActiveCfg = Release|Win32
		{46AEE07D-20D0-4DF4-A016-2D8160B1F0B4}.Release|Win32.Build.0 = Release|Win32
		{36FAA406-77B4-4861-814E-9A055023DD41}.Debug|Win32.ActiveCfg = Debug|Win32
		{36FAA406-77B4-4861-814E-9A055023DD41}.Debug|Win32.Build.0 = Debug|Win32
		{36FAA406-77B4-4861-814E-9A055023DD41}.Release|Win32.ActiveCfg = Release|Win32
		{36FAA406-77B4-4861-814E-9A055023DD41}.Release|Win32.Build.0 = Release|Win32
		{4C1129AC-7698-4D08-A8DF-3A8121F0088D}.Debug|Win32.ActiveCfg = Debug|Win32
		{4C1129AC-7698-4D08-A8DF-3A8121F0088D}.Debug|Win32.Build.0 = Debug|Win32
		{4C1129AC-7698-4D08-A8DF-3A8121F0088D}.Release|Win32.ActiveCfg = Release|Win32
		{4C1129AC-7698-4D08-A8DF-3A8121F0088D}.Release|Win32.Build.0 = Release|Win32
	EndGlobalSection
	GlobalSection(SolutionProperties) = preSolution
		HideSolutionNode = FALSE
	EndGlobalSection
	GlobalSection(NestedProjects) = preSolution
		{36FAA406-77B4-4861-814E-9A055023DD41} = {2B5BF9F6-ED4A-47DE-BA2A-5B491C0B19FC}
		{46AEE07D-20D0-4DF4-A016-2D8160B1F0B4} = {2B5BF9F6-ED4A-47DE-BA2A-5B491C0B19FC}
	EndGlobalSection
EndGlobal
