<?xml version="1.0" encoding="utf-8"?>
<Project ToolsVersion="4.0" xmlns="http://schemas.microsoft.com/developer/msbuild/2003">
  <ItemGroup>
    <ClCompile Include="Source\Main.cpp" />
    <ClCompile Include="Source\Application\Application.cpp">
      <Filter>Application</Filter>
    </ClCompile>
    <ClCompile Include="Source\Input\RawInputManager.cpp">
      <Filter>Input</Filter>
    </ClCompile>
    <ClCompile Include="Source\Input\RawInputJoystick.cpp">
      <Filter>Input</Filter>
    </ClCompile>
    <ClCompile Include="Source\Input\XInputDevice.cpp">
      <Filter>Input</Filter>
    </ClCompile>
    <ClCompile Include="Source\Input\Usb\UsbController.cpp">
      <Filter>Input\Usb</Filter>
    </ClCompile>
    <ClCompile Include="Source\Input\Usb\UsbDevice.cpp">
      <Filter>Input\Usb</Filter>
    </ClCompile>
    <ClCompile Include="Source\Input\Process\InputProcessorBase.cpp">
      <Filter>Input\Process</Filter>
    </ClCompile>
    <ClCompile Include="Source\Input\Process\InputProcessorDualShock4.cpp">
      <Filter>Input\Process</Filter>
    </ClCompile>
    <ClCompile Include="Source\Application\Widgets\BindingsList.cpp">
      <Filter>Application\Widgets</Filter>
    </ClCompile>
    <ClCompile Include="GeneratedFiles\Debug\moc_BindingsList.cpp">
      <Filter>GeneratedFiles\Debug</Filter>
    </ClCompile>
    <ClCompile Include="GeneratedFiles\Release\moc_BindingsList.cpp">
      <Filter>GeneratedFiles\Release</Filter>
    </ClCompile>
    <ClCompile Include="Source\Application\MainWindow.cpp">
      <Filter>Application</Filter>
    </ClCompile>
    <ClCompile Include="Source\Input\VirtualInputDevice.cpp">
      <Filter>Input</Filter>
    </ClCompile>
    <ClCompile Include="Source\Input\VirtualInputManager.cpp">
      <Filter>Input</Filter>
    </ClCompile>
    <ClCompile Include="Source\Input\Process\InputProcessorFFBWheel.cpp">
      <Filter>Input\Process</Filter>
    </ClCompile>
    <ClCompile Include="GeneratedFiles\Release\moc_RawInputManager.cpp">
      <Filter>GeneratedFiles\Release</Filter>
    </ClCompile>
    <ClCompile Include="GeneratedFiles\Debug\moc_RawInputManager.cpp">
      <Filter>GeneratedFiles\Debug</Filter>
    </ClCompile>
    <ClCompile Include="GeneratedFiles\Debug\moc_MainWindow.cpp">
      <Filter>GeneratedFiles\Debug</Filter>
    </ClCompile>
    <ClCompile Include="GeneratedFiles\Release\moc_MainWindow.cpp">
      <Filter>GeneratedFiles\Release</Filter>
    </ClCompile>
    <ClCompile Include="GeneratedFiles\Release\moc_VirtualInputManager.cpp">
      <Filter>GeneratedFiles\Release</Filter>
    </ClCompile>
    <ClCompile Include="GeneratedFiles\Debug\moc_VirtualInputManager.cpp">
      <Filter>GeneratedFiles\Debug</Filter>
    </ClCompile>
    <ClCompile Include="GeneratedFiles\Release\moc_RawInputJoystick.cpp">
      <Filter>GeneratedFiles\Release</Filter>
    </ClCompile>
    <ClCompile Include="GeneratedFiles\Release\moc_VirtualInputDevice.cpp">
      <Filter>GeneratedFiles\Release</Filter>
    </ClCompile>
    <ClCompile Include="GeneratedFiles\Debug\moc_RawInputJoystick.cpp">
      <Filter>GeneratedFiles\Debug</Filter>
    </ClCompile>
    <ClCompile Include="GeneratedFiles\Debug\moc_VirtualInputDevice.cpp">
      <Filter>GeneratedFiles\Debug</Filter>
    </ClCompile>
    <ClCompile Include="Source\Application\Widgets\WidgetJoystick.cpp">
      <Filter>Application\Widgets</Filter>
    </ClCompile>
    <ClCompile Include="GeneratedFiles\Debug\moc_WidgetJoystick.cpp">
      <Filter>GeneratedFiles\Debug</Filter>
    </ClCompile>
    <ClCompile Include="GeneratedFiles\Release\moc_WidgetJoystick.cpp">
      <Filter>GeneratedFiles\Release</Filter>
    </ClCompile>
    <ClCompile Include="Source\Logging\Context.cpp">
      <Filter>Logging</Filter>
    </ClCompile>
    <ClCompile Include="Source\Logging\Logger.cpp">
      <Filter>Logging</Filter>
    </ClCompile>
    <ClCompile Include="Source\Logging\SinkFile.cpp">
      <Filter>Logging</Filter>
    </ClCompile>
    <ClCompile Include="GeneratedFiles\Debug\moc_RawInputJoystick.cpp">
      <Filter>GeneratedFiles\Debug</Filter>
    </ClCompile>
    <ClCompile Include="GeneratedFiles\Release\moc_RawInputJoystick.cpp">
      <Filter>GeneratedFiles\Release</Filter>
    </ClCompile>
    <ClCompile Include="GeneratedFiles\Debug\moc_VirtualInputDevice.cpp">
      <Filter>GeneratedFiles\Debug</Filter>
    </ClCompile>
    <ClCompile Include="GeneratedFiles\Release\moc_VirtualInputDevice.cpp">
      <Filter>GeneratedFiles\Release</Filter>
    </ClCompile>
    <ClCompile Include="GeneratedFiles\Release\moc_Logger.cpp">
      <Filter>GeneratedFiles\Release</Filter>
    </ClCompile>
    <ClCompile Include="GeneratedFiles\Debug\moc_Logger.cpp">
      <Filter>GeneratedFiles\Debug</Filter>
    </ClCompile>
    <ClCompile Include="Source\Base\Utils.cpp">
      <Filter>Base</Filter>
    </ClCompile>
  </ItemGroup>
  <ItemGroup>
    <Filter Include="Base">
      <UniqueIdentifier>{35a7c934-37d1-4205-8dce-0f134dd65395}</UniqueIdentifier>
    </Filter>
    <Filter Include="Application">
      <UniqueIdentifier>{a0866125-9c39-48af-aedf-da95c5721666}</UniqueIdentifier>
    </Filter>
    <Filter Include="Input">
      <UniqueIdentifier>{c1c9cad1-3898-4238-bbeb-1cf5ff1166e9}</UniqueIdentifier>
    </Filter>
    <Filter Include="GeneratedFiles">
      <UniqueIdentifier>{80a2cfa4-5584-4ec7-839a-dfa768c514dc}</UniqueIdentifier>
    </Filter>
    <Filter Include="GeneratedFiles\Debug">
      <UniqueIdentifier>{f7c66623-87cd-4122-8afb-f935ba5cd148}</UniqueIdentifier>
    </Filter>
    <Filter Include="GeneratedFiles\Release">
      <UniqueIdentifier>{b3bbc76f-fb7e-4047-ac90-3d6dfd5e1605}</UniqueIdentifier>
    </Filter>
    <Filter Include="Input\Process">
      <UniqueIdentifier>{055cabb2-3790-4f02-bbd3-0d5a64b4fc8c}</UniqueIdentifier>
    </Filter>
    <Filter Include="Input\Usb">
      <UniqueIdentifier>{1aced2b9-fe6e-453c-8932-54a8f3d7d24c}</UniqueIdentifier>
    </Filter>
    <Filter Include="Application\Widgets">
      <UniqueIdentifier>{d08accf9-c4c0-4430-8b60-b4abfa06d43e}</UniqueIdentifier>
    </Filter>
    <Filter Include="Logging">
      <UniqueIdentifier>{9f28b14d-0745-49a0-bf84-936424ac99d5}</UniqueIdentifier>
    </Filter>
  </ItemGroup>
  <ItemGroup>
    <ClInclude Include="Source\Base\Main.h">
      <Filter>Base</Filter>
    </ClInclude>
    <ClInclude Include="Source\Application\Application.h">
      <Filter>Application</Filter>
    </ClInclude>
    <ClInclude Include="GeneratedFiles\ui_MainWindow.h">
      <Filter>GeneratedFiles</Filter>
    </ClInclude>
    <ClInclude Include="Source\Input\XInputDevice.h">
      <Filter>Input</Filter>
    </ClInclude>
    <ClInclude Include="Source\Input\XInputState.h">
      <Filter>Input</Filter>
    </ClInclude>
    <ClInclude Include="Source\Input\Usb\UsbController.h">
      <Filter>Input\Usb</Filter>
    </ClInclude>
    <ClInclude Include="Source\Input\Usb\UsbDevice.h">
      <Filter>Input\Usb</Filter>
    </ClInclude>
    <ClInclude Include="Source\Input\Process\InputProcessorBase.h">
      <Filter>Input\Process</Filter>
    </ClInclude>
    <ClInclude Include="Source\Input\Process\InputProcessorDualShock4.h">
      <Filter>Input\Process</Filter>
    </ClInclude>
    <ClInclude Include="Source\Input\Process\InputProcessorFFBWheel.h">
      <Filter>Input\Process</Filter>
    </ClInclude>
    <ClInclude Include="GeneratedFiles\ui_WidgetJoystick.h">
      <Filter>GeneratedFiles</Filter>
    </ClInclude>
    <ClInclude Include="GeneratedFiles\ui_BindingsList.h">
      <Filter>GeneratedFiles</Filter>
    </ClInclude>
    <ClInclude Include="Source\Logging\Context.h">
      <Filter>Logging</Filter>
    </ClInclude>
    <ClInclude Include="Source\Logging\Levels.h">
      <Filter>Logging</Filter>
    </ClInclude>
    <ClInclude Include="Source\Logging\Sink.h">
      <Filter>Logging</Filter>
    </ClInclude>
    <ClInclude Include="Source\Logging\SinkFile.h">
      <Filter>Logging</Filter>
    </ClInclude>
    <ClInclude Include="Source\Base\Utils.h">
      <Filter>Base</Filter>
    </ClInclude>
  </ItemGroup>
  <ItemGroup>
    <CustomBuild Include="Source\Application\MainWindow.ui">
      <Filter>Application</Filter>
    </CustomBuild>
    <CustomBuild Include="Source\Application\Widgets\BindingsList.h">
      <Filter>Application\Widgets</Filter>
    </CustomBuild>
    <CustomBuild Include="Source\Application\Widgets\BindingsList.ui">
      <Filter>Application\Widgets</Filter>
    </CustomBuild>
    <CustomBuild Include="Source\Input\RawInputManager.h">
      <Filter>Input</Filter>
    </CustomBuild>
    <CustomBuild Include="Source\Application\MainWindow.h">
      <Filter>Application</Filter>
    </CustomBuild>
    <CustomBuild Include="Source\Input\VirtualInputManager.h">
      <Filter>Input</Filter>
    </CustomBuild>
    <CustomBuild Include="Source\Input\RawInputJoystick.h">
      <Filter>Input</Filter>
    </CustomBuild>
    <CustomBuild Include="Source\Input\VirtualInputDevice.h">
      <Filter>Input</Filter>
    </CustomBuild>
    <CustomBuild Include="Source\Application\Widgets\WidgetJoystick.ui">
      <Filter>Application\Widgets</Filter>
    </CustomBuild>
    <CustomBuild Include="Source\Application\Widgets\WidgetJoystick.h">
      <Filter>Application\Widgets</Filter>
    </CustomBuild>
    <CustomBuild Include="Source\Logging\Logger.h">
      <Filter>Logging</Filter>
    </CustomBuild>
  </ItemGroup>
</Project>