<?xml version="1.0" encoding="utf-8"?>
<Project ToolsVersion="4.0" xmlns="http://schemas.microsoft.com/developer/msbuild/2003">
  <ItemGroup>
    <ClCompile Include="Source\Main.cpp" />
    <ClCompile Include="Source\Application\Application.cpp">
      <Filter>Application</Filter>
    </ClCompile>
  </ItemGroup>
  <ItemGroup>
    <Filter Include="Base">
      <UniqueIdentifier>{35a7c934-37d1-4205-8dce-0f134dd65395}</UniqueIdentifier>
    </Filter>
    <Filter Include="Application">
      <UniqueIdentifier>{a0866125-9c39-48af-aedf-da95c5721666}</UniqueIdentifier>
    </Filter>
  </ItemGroup>
  <ItemGroup>
    <ClInclude Include="Source\Base\Main.h">
      <Filter>Base</Filter>
    </ClInclude>
    <ClInclude Include="Source\Application\Application.h">
      <Filter>Application</Filter>
    </ClInclude>
  </ItemGroup>
</Project>